
Microsoft Visual Studio Solution File, Format Version 9.00
# Visual Studio 2005
Project("{FAE04EC0-301F-11D3-BF4B-00C04F79EFBC}") = "CronUtils", "CronUtils\CronUtils.csproj", "{924287B6-61A5-42C3-BB98-38E746C82ECD}"
EndProject
Project("{FAE04EC0-301F-11D3-BF4B-00C04F79EFBC}") = "PropertyManager", "PropertyManager\PropertyManager.csproj", "{A06CBCFA-BDFF-43ED-BC3A-0DFAB251C89D}"
EndProject
Project("{FAE04EC0-301F-11D3-BF4B-00C04F79EFBC}") = "DomainCore", "DomainCore\DomainCore.csproj", "{264C7CA8-82C9-4CEC-B2DF-B0993C3FF663}"
EndProject
Project("{FAE04EC0-301F-11D3-BF4B-00C04F79EFBC}") = "DAOCore", "DAOCore\DAOCore.csproj", "{F971351D-4CE7-4ED8-979B-695FC4F4BC49}"
EndProject
Project("{FAE04EC0-301F-11D3-BF4B-00C04F79EFBC}") = "DynPropertyDomain", "DynPropertyDomain\DynPropertyDomain.csproj", "{CA1F74DF-FAD5-47CA-B8C2-1F77926B41D6}"
EndProject
Project("{FAE04EC0-301F-11D3-BF4B-00C04F79EFBC}") = "ControlWrappers", "ControlWrappers\ControlWrappers.csproj", "{7DD1BAD1-FAD0-4A75-A390-E226F9E9C0D2}"
EndProject
Global
	GlobalSection(SolutionConfigurationPlatforms) = preSolution
		Debug|Any CPU = Debug|Any CPU
		Release|Any CPU = Release|Any CPU
	EndGlobalSection
	GlobalSection(ProjectConfigurationPlatforms) = postSolution
		{264C7CA8-82C9-4CEC-B2DF-B0993C3FF663}.Debug|Any CPU.ActiveCfg = Debug|Any CPU
		{264C7CA8-82C9-4CEC-B2DF-B0993C3FF663}.Debug|Any CPU.Build.0 = Debug|Any CPU
		{264C7CA8-82C9-4CEC-B2DF-B0993C3FF663}.Release|Any CPU.ActiveCfg = Release|Any CPU
		{264C7CA8-82C9-4CEC-B2DF-B0993C3FF663}.Release|Any CPU.Build.0 = Release|Any CPU
		{7DD1BAD1-FAD0-4A75-A390-E226F9E9C0D2}.Debug|Any CPU.ActiveCfg = Debug|Any CPU
		{7DD1BAD1-FAD0-4A75-A390-E226F9E9C0D2}.Debug|Any CPU.Build.0 = Debug|Any CPU
		{7DD1BAD1-FAD0-4A75-A390-E226F9E9C0D2}.Release|Any CPU.ActiveCfg = Release|Any CPU
		{7DD1BAD1-FAD0-4A75-A390-E226F9E9C0D2}.Release|Any CPU.Build.0 = Release|Any CPU
		{924287B6-61A5-42C3-BB98-38E746C82ECD}.Debug|Any CPU.ActiveCfg = Debug|Any CPU
		{924287B6-61A5-42C3-BB98-38E746C82ECD}.Debug|Any CPU.Build.0 = Debug|Any CPU
		{924287B6-61A5-42C3-BB98-38E746C82ECD}.Release|Any CPU.ActiveCfg = Release|Any CPU
		{924287B6-61A5-42C3-BB98-38E746C82ECD}.Release|Any CPU.Build.0 = Release|Any CPU
		{A06CBCFA-BDFF-43ED-BC3A-0DFAB251C89D}.Debug|Any CPU.ActiveCfg = Debug|Any CPU
		{A06CBCFA-BDFF-43ED-BC3A-0DFAB251C89D}.Debug|Any CPU.Build.0 = Debug|Any CPU
		{A06CBCFA-BDFF-43ED-BC3A-0DFAB251C89D}.Release|Any CPU.ActiveCfg = Release|Any CPU
		{A06CBCFA-BDFF-43ED-BC3A-0DFAB251C89D}.Release|Any CPU.Build.0 = Release|Any CPU
		{CA1F74DF-FAD5-47CA-B8C2-1F77926B41D6}.Debug|Any CPU.ActiveCfg = Debug|Any CPU
		{CA1F74DF-FAD5-47CA-B8C2-1F77926B41D6}.Debug|Any CPU.Build.0 = Debug|Any CPU
		{CA1F74DF-FAD5-47CA-B8C2-1F77926B41D6}.Release|Any CPU.ActiveCfg = Release|Any CPU
		{CA1F74DF-FAD5-47CA-B8C2-1F77926B41D6}.Release|Any CPU.Build.0 = Release|Any CPU
		{F971351D-4CE7-4ED8-979B-695FC4F4BC49}.Debug|Any CPU.ActiveCfg = Debug|Any CPU
		{F971351D-4CE7-4ED8-979B-695FC4F4BC49}.Debug|Any CPU.Build.0 = Debug|Any CPU
		{F971351D-4CE7-4ED8-979B-695FC4F4BC49}.Release|Any CPU.ActiveCfg = Release|Any CPU
		{F971351D-4CE7-4ED8-979B-695FC4F4BC49}.Release|Any CPU.Build.0 = Release|Any CPU
	EndGlobalSection
	GlobalSection(MonoDevelopProperties) = preSolution
		version = 0.1
		StartupItem = PropertyManager\PropertyManager.csproj
	EndGlobalSection
EndGlobal
